
Microsoft Visual Studio Solution File, Format Version 12.00
# Visual Studio 15
VisualStudioVersion = 15.0.28307.1145
MinimumVisualStudioVersion = 10.0.40219.1
Project("{FAE04EC0-301F-11D3-BF4B-00C04F79EFBC}") = "My Blog", "My Blog\My Blog.csproj", "{40C288DB-9755-4AF8-B89D-68420EF6D5C6}"
EndProject
Project("{FAE04EC0-301F-11D3-BF4B-00C04F79EFBC}") = "BlogRepository.MySQL", "BlogRepository.MySQL\BlogRepository.MySQL.csproj", "{F125FFBB-8E2B-45AC-9C81-96CD40A3582F}"
EndProject
Project("{FAE04EC0-301F-11D3-BF4B-00C04F79EFBC}") = "BlogModel", "BlogModel\BlogModel.csproj", "{EC1778AC-7D8E-4A8B-82EB-9FE6BCE0FCEC}"
EndProject
Global
	GlobalSection(SolutionConfigurationPlatforms) = preSolution
		Debug|Any CPU = Debug|Any CPU
		Release|Any CPU = Release|Any CPU
	EndGlobalSection
	GlobalSection(ProjectConfigurationPlatforms) = postSolution
		{40C288DB-9755-4AF8-B89D-68420EF6D5C6}.Debug|Any CPU.ActiveCfg = Debug|Any CPU
		{40C288DB-9755-4AF8-B89D-68420EF6D5C6}.Debug|Any CPU.Build.0 = Debug|Any CPU
		{40C288DB-9755-4AF8-B89D-68420EF6D5C6}.Release|Any CPU.ActiveCfg = Release|Any CPU
		{40C288DB-9755-4AF8-B89D-68420EF6D5C6}.Release|Any CPU.Build.0 = Release|Any CPU
		{F125FFBB-8E2B-45AC-9C81-96CD40A3582F}.Debug|Any CPU.ActiveCfg = Debug|Any CPU
		{F125FFBB-8E2B-45AC-9C81-96CD40A3582F}.Debug|Any CPU.Build.0 = Debug|Any CPU
		{F125FFBB-8E2B-45AC-9C81-96CD40A3582F}.Release|Any CPU.ActiveCfg = Release|Any CPU
		{F125FFBB-8E2B-45AC-9C81-96CD40A3582F}.Release|Any CPU.Build.0 = Release|Any CPU
		{EC1778AC-7D8E-4A8B-82EB-9FE6BCE0FCEC}.Debug|Any CPU.ActiveCfg = Debug|Any CPU
		{EC1778AC-7D8E-4A8B-82EB-9FE6BCE0FCEC}.Debug|Any CPU.Build.0 = Debug|Any CPU
		{EC1778AC-7D8E-4A8B-82EB-9FE6BCE0FCEC}.Release|Any CPU.ActiveCfg = Release|Any CPU
		{EC1778AC-7D8E-4A8B-82EB-9FE6BCE0FCEC}.Release|Any CPU.Build.0 = Release|Any CPU
	EndGlobalSection
	GlobalSection(SolutionProperties) = preSolution
		HideSolutionNode = FALSE
	EndGlobalSection
	GlobalSection(ExtensibilityGlobals) = postSolution
		SolutionGuid = {910CCF7D-2A3A-4FEA-9E27-B48D79C59196}
	EndGlobalSection
EndGlobal
